
Microsoft Visual Studio Solution File, Format Version 12.00
# Visual Studio Version 17
VisualStudioVersion = 17.8.34330.188
MinimumVisualStudioVersion = 10.0.40219.1
Project("{2150E333-8FDC-42A3-9474-1A3956D46DE8}") = "proto", "proto", "{D3F1141D-BCED-4C41-8CAD-178AD7D380A8}"
	ProjectSection(SolutionItems) = preProject
		dummy.proto = dummy.proto
		greeting.proto = greeting.proto
	EndProjectSection
EndProject
Project("{FAE04EC0-301F-11D3-BF4B-00C04F79EFBC}") = "client", "client\client.csproj", "{3EEACAB3-E5C7-4509-B695-2AC57903D238}"
EndProject
Project("{FAE04EC0-301F-11D3-BF4B-00C04F79EFBC}") = "server", "server\server.csproj", "{6E2D558B-3B06-4296-B185-C945FBFA3FDD}"
EndProject
Global
	GlobalSection(SolutionConfigurationPlatforms) = preSolution
		Debug|Any CPU = Debug|Any CPU
		Release|Any CPU = Release|Any CPU
	EndGlobalSection
	GlobalSection(ProjectConfigurationPlatforms) = postSolution
		{3EEACAB3-E5C7-4509-B695-2AC57903D238}.Debug|Any CPU.ActiveCfg = Debug|Any CPU
		{3EEACAB3-E5C7-4509-B695-2AC57903D238}.Debug|Any CPU.Build.0 = Debug|Any CPU
		{3EEACAB3-E5C7-4509-B695-2AC57903D238}.Release|Any CPU.ActiveCfg = Release|Any CPU
		{3EEACAB3-E5C7-4509-B695-2AC57903D238}.Release|Any CPU.Build.0 = Release|Any CPU
		{6E2D558B-3B06-4296-B185-C945FBFA3FDD}.Debug|Any CPU.ActiveCfg = Debug|Any CPU
		{6E2D558B-3B06-4296-B185-C945FBFA3FDD}.Debug|Any CPU.Build.0 = Debug|Any CPU
		{6E2D558B-3B06-4296-B185-C945FBFA3FDD}.Release|Any CPU.ActiveCfg = Release|Any CPU
		{6E2D558B-3B06-4296-B185-C945FBFA3FDD}.Release|Any CPU.Build.0 = Release|Any CPU
	EndGlobalSection
	GlobalSection(SolutionProperties) = preSolution
		HideSolutionNode = FALSE
	EndGlobalSection
	GlobalSection(ExtensibilityGlobals) = postSolution
		SolutionGuid = {3E79F77B-26C2-4D0D-9CA2-762C97609E04}
	EndGlobalSection
EndGlobal
